
Microsoft Visual Studio Solution File, Format Version 12.00
# Visual Studio Version 17
VisualStudioVersion = 17.1.32228.430
MinimumVisualStudioVersion = 10.0.40219.1
Project("{9A19103F-16F7-4668-BE54-9A1E7A4F7556}") = "Retefagioli", "Retefagioli.csproj", "{16D02097-E923-4290-BD7F-9D1C5CD8407E}"
EndProject
Global
	GlobalSection(SolutionConfigurationPlatforms) = preSolution
		Debug|Any CPU = Debug|Any CPU
		Release|Any CPU = Release|Any CPU
	EndGlobalSection
	GlobalSection(ProjectConfigurationPlatforms) = postSolution
		{16D02097-E923-4290-BD7F-9D1C5CD8407E}.Debug|Any CPU.ActiveCfg = Debug|Any CPU
		{16D02097-E923-4290-BD7F-9D1C5CD8407E}.Debug|Any CPU.Build.0 = Debug|Any CPU
		{16D02097-E923-4290-BD7F-9D1C5CD8407E}.Release|Any CPU.ActiveCfg = Release|Any CPU
		{16D02097-E923-4290-BD7F-9D1C5CD8407E}.Release|Any CPU.Build.0 = Release|Any CPU
	EndGlobalSection
	GlobalSection(SolutionProperties) = preSolution
		HideSolutionNode = FALSE
	EndGlobalSection
	GlobalSection(ExtensibilityGlobals) = postSolution
		SolutionGuid = {0C9936A6-7BD7-4AE7-B4C5-B987BF420E99}
	EndGlobalSection
EndGlobal
